
Microsoft Visual Studio Solution File, Format Version 12.00
# Visual Studio Version 17
VisualStudioVersion = 17.14.36221.1 d17.14
MinimumVisualStudioVersion = 10.0.40219.1
Project("{FAE04EC0-301F-11D3-BF4B-00C04F79EFBC}") = "WebApplication1", "WebApplication1.csproj", "{6EACC8E8-A295-4280-8D19-392395B59EB4}"
EndProject
Global
	GlobalSection(SolutionConfigurationPlatforms) = preSolution
		Debug|Any CPU = Debug|Any CPU
		Release|Any CPU = Release|Any CPU
	EndGlobalSection
	GlobalSection(ProjectConfigurationPlatforms) = postSolution
		{6EACC8E8-A295-4280-8D19-392395B59EB4}.Debug|Any CPU.ActiveCfg = Debug|Any CPU
		{6EACC8E8-A295-4280-8D19-392395B59EB4}.Debug|Any CPU.Build.0 = Debug|Any CPU
		{6EACC8E8-A295-4280-8D19-392395B59EB4}.Release|Any CPU.ActiveCfg = Release|Any CPU
		{6EACC8E8-A295-4280-8D19-392395B59EB4}.Release|Any CPU.Build.0 = Release|Any CPU
	EndGlobalSection
	GlobalSection(SolutionProperties) = preSolution
		HideSolutionNode = FALSE
	EndGlobalSection
	GlobalSection(ExtensibilityGlobals) = postSolution
		SolutionGuid = {609FE37D-AA63-4DDC-AB47-2CD4828C1A71}
	EndGlobalSection
EndGlobal
